// !$*UTF8*$!
{
	archiveVersion = 1;
	classes = {
	};
	objectVersion = 55;
	objects = {

/* Begin PBXBuildFile section */
		661656EC280E22C300BEA888 /* HealthKit.framework in Frameworks */ = {isa = PBXBuildFile; fileRef = 661656EB280E22C300BEA888 /* HealthKit.framework */; };
		661656EE280E313100BEA888 /* LogisticRegression.swift in Sources */ = {isa = PBXBuildFile; fileRef = 661656ED280E313100BEA888 /* LogisticRegression.swift */; };
		6632DF222829BB2E0014E2CE /* AlertNotificationHandler.swift in Sources */ = {isa = PBXBuildFile; fileRef = 6632DF212829BB2E0014E2CE /* AlertNotificationHandler.swift */; };
		663419C027DAD79D00F3823B /* NotificationFactory.swift in Sources */ = {isa = PBXBuildFile; fileRef = 663419BF27DAD79D00F3823B /* NotificationFactory.swift */; };
		663EE4E727E15B8E00AECB35 /* Configuration.swift in Sources */ = {isa = PBXBuildFile; fileRef = 663EE4E627E15B8E00AECB35 /* Configuration.swift */; };
		6659324627DBF50F002D1717 /* WorkoutManager.swift in Sources */ = {isa = PBXBuildFile; fileRef = 6659324527DBF50F002D1717 /* WorkoutManager.swift */; };
		66DD4FFA2835B8BB0000E20A /* LRDataStore.swift in Sources */ = {isa = PBXBuildFile; fileRef = 66DD4FF92835B8BB0000E20A /* LRDataStore.swift */; };
		66F2F6F627E533D600561E15 /* Settings.swift in Sources */ = {isa = PBXBuildFile; fileRef = 66F2F6F527E533D600561E15 /* Settings.swift */; };
		9906ED84282D88E700EA9F83 /* EventItem.swift in Sources */ = {isa = PBXBuildFile; fileRef = 9906ED83282D88E700EA9F83 /* EventItem.swift */; };
		9917685127E00BF800AC764C /* MonitorEngine.swift in Sources */ = {isa = PBXBuildFile; fileRef = 9917685027E00BF800AC764C /* MonitorEngine.swift */; };
		9917685327E176E100AC764C /* ThreatDetector.swift in Sources */ = {isa = PBXBuildFile; fileRef = 9917685227E176E100AC764C /* ThreatDetector.swift */; };
		9917685527E3E88600AC764C /* HrvItem.swift in Sources */ = {isa = PBXBuildFile; fileRef = 9917685427E3E88600AC764C /* HrvItem.swift */; };
		9917685727E3EB7A00AC764C /* HrItem.swift in Sources */ = {isa = PBXBuildFile; fileRef = 9917685627E3EB7A00AC764C /* HrItem.swift */; };
		9932C3F827CD983B001736F7 /* HRVMonitor WatchKit App.app in Embed Watch Content */ = {isa = PBXBuildFile; fileRef = 9932C3F727CD983B001736F7 /* HRVMonitor WatchKit App.app */; settings = {ATTRIBUTES = (RemoveHeadersOnCopy, ); }; };
		9932C3FD27CD983C001736F7 /* Assets.xcassets in Resources */ = {isa = PBXBuildFile; fileRef = 9932C3FC27CD983C001736F7 /* Assets.xcassets */; };
		9932C40327CD983C001736F7 /* HRVMonitor WatchKit Extension.appex in Embed App Extensions */ = {isa = PBXBuildFile; fileRef = 9932C40227CD983C001736F7 /* HRVMonitor WatchKit Extension.appex */; settings = {ATTRIBUTES = (RemoveHeadersOnCopy, ); }; };
		9932C40827CD983C001736F7 /* HRVMonitorApp.swift in Sources */ = {isa = PBXBuildFile; fileRef = 9932C40727CD983C001736F7 /* HRVMonitorApp.swift */; };
		9932C40A27CD983C001736F7 /* ContentView.swift in Sources */ = {isa = PBXBuildFile; fileRef = 9932C40927CD983C001736F7 /* ContentView.swift */; };
		9932C40C27CD983C001736F7 /* NotificationController.swift in Sources */ = {isa = PBXBuildFile; fileRef = 9932C40B27CD983C001736F7 /* NotificationController.swift */; };
		9932C40E27CD983C001736F7 /* NotificationView.swift in Sources */ = {isa = PBXBuildFile; fileRef = 9932C40D27CD983C001736F7 /* NotificationView.swift */; };
		9932C41027CD983C001736F7 /* ComplicationController.swift in Sources */ = {isa = PBXBuildFile; fileRef = 9932C40F27CD983C001736F7 /* ComplicationController.swift */; };
		9932C41227CD983D001736F7 /* Assets.xcassets in Resources */ = {isa = PBXBuildFile; fileRef = 9932C41127CD983D001736F7 /* Assets.xcassets */; };
		9932C41527CD983D001736F7 /* Preview Assets.xcassets in Resources */ = {isa = PBXBuildFile; fileRef = 9932C41427CD983D001736F7 /* Preview Assets.xcassets */; };
		9932C42127CD983D001736F7 /* HRVMonitorTests.swift in Sources */ = {isa = PBXBuildFile; fileRef = 9932C42027CD983D001736F7 /* HRVMonitorTests.swift */; };
		9932C42B27CD983D001736F7 /* HRVMonitorUITests.swift in Sources */ = {isa = PBXBuildFile; fileRef = 9932C42A27CD983D001736F7 /* HRVMonitorUITests.swift */; };
		9932C42D27CD983D001736F7 /* HRVMonitorUITestsLaunchTests.swift in Sources */ = {isa = PBXBuildFile; fileRef = 9932C42C27CD983D001736F7 /* HRVMonitorUITestsLaunchTests.swift */; };
		99365292283BFF2F00192FD3 /* JsonSerializerUtils.swift in Sources */ = {isa = PBXBuildFile; fileRef = 99365291283BFF2F00192FD3 /* JsonSerializerUtils.swift */; };
		99502B42282F25ED00A7A2EE /* PersistenceContainer.swift in Sources */ = {isa = PBXBuildFile; fileRef = 99502B41282F25ED00A7A2EE /* PersistenceContainer.swift */; };
		99502B44282F2CE000A7A2EE /* StorageService.swift in Sources */ = {isa = PBXBuildFile; fileRef = 99502B43282F2CE000A7A2EE /* StorageService.swift */; };
		99502B48282F2F4300A7A2EE /* CoreData.framework in Frameworks */ = {isa = PBXBuildFile; fileRef = 99502B47282F2F4300A7A2EE /* CoreData.framework */; };
		995221E52822108B00AFAF67 /* EventLogView.swift in Sources */ = {isa = PBXBuildFile; fileRef = 995221E42822108B00AFAF67 /* EventLogView.swift */; };
		995221E82822112600AFAF67 /* EventView.swift in Sources */ = {isa = PBXBuildFile; fileRef = 995221E72822112600AFAF67 /* EventView.swift */; };
		995221EA282212D800AFAF67 /* SettingsView.swift in Sources */ = {isa = PBXBuildFile; fileRef = 995221E9282212D800AFAF67 /* SettingsView.swift */; };
		9971399B2825E3550029D831 /* MonitorView.swift in Sources */ = {isa = PBXBuildFile; fileRef = 9971399A2825E3550029D831 /* MonitorView.swift */; };
		9971399D2825E5030029D831 /* StatisticView.swift in Sources */ = {isa = PBXBuildFile; fileRef = 9971399C2825E5030029D831 /* StatisticView.swift */; };
		997139A52825F7660029D831 /* StringFormatUtils.swift in Sources */ = {isa = PBXBuildFile; fileRef = 997139A42825F7660029D831 /* StringFormatUtils.swift */; };
		997139A82825F7C30029D831 /* ButtonConstants.swift in Sources */ = {isa = PBXBuildFile; fileRef = 997139A72825F7C30029D831 /* ButtonConstants.swift */; };
		997EAFFA27D6FCCA004B257C /* HeartRatePoller.swift in Sources */ = {isa = PBXBuildFile; fileRef = 997EAFF927D6FCCA004B257C /* HeartRatePoller.swift */; };
		997EB00027DC141E004B257C /* MonitorItem.swift in Sources */ = {isa = PBXBuildFile; fileRef = 997EAFFF27DC141E004B257C /* MonitorItem.swift */; };
		998611CA28482B3A00D6981D /* ManualFeedbackView.swift in Sources */ = {isa = PBXBuildFile; fileRef = 998611C928482B3A00D6981D /* ManualFeedbackView.swift */; };
		999D59AF28494453006B820B /* ExportedEntities.swift in Sources */ = {isa = PBXBuildFile; fileRef = 999D59AE28494453006B820B /* ExportedEntities.swift */; };
		99A298A328492D4300AE045C /* ExportView.swift in Sources */ = {isa = PBXBuildFile; fileRef = 99A298A228492D4300AE045C /* ExportView.swift */; };
		99AC909D2835BAD3009BEC95 /* AppModel.xcdatamodeld in Sources */ = {isa = PBXBuildFile; fileRef = 99AC909A2835BAD3009BEC95 /* AppModel.xcdatamodeld */; };
		99AC909F2835D21C009BEC95 /* HrvMapUtils.swift in Sources */ = {isa = PBXBuildFile; fileRef = 99AC909E2835D21C009BEC95 /* HrvMapUtils.swift */; };
		99B00A5528496C6B009D8FEE /* WatchExportSession.swift in Sources */ = {isa = PBXBuildFile; fileRef = 99B00A5428496C6B009D8FEE /* WatchExportSession.swift */; };
		99CCDBD127FBAA6500600DD1 /* Charts in Frameworks */ = {isa = PBXBuildFile; productRef = 99CCDBD027FBAA6500600DD1 /* Charts */; };
		99E682B828383FB20035758A /* PatientSettings.swift in Sources */ = {isa = PBXBuildFile; fileRef = 99E682B728383FB20035758A /* PatientSettings.swift */; };
		99E682BB2838435F0035758A /* PatientSettingsConstants.swift in Sources */ = {isa = PBXBuildFile; fileRef = 99E682BA2838435F0035758A /* PatientSettingsConstants.swift */; };
/* End PBXBuildFile section */

/* Begin PBXContainerItemProxy section */
		9932C3F927CD983B001736F7 /* PBXContainerItemProxy */ = {
			isa = PBXContainerItemProxy;
			containerPortal = 9932C3ED27CD983A001736F7 /* Project object */;
			proxyType = 1;
			remoteGlobalIDString = 9932C3F627CD983B001736F7;
			remoteInfo = "HRVMonitor WatchKit App";
		};
		9932C40427CD983C001736F7 /* PBXContainerItemProxy */ = {
			isa = PBXContainerItemProxy;
			containerPortal = 9932C3ED27CD983A001736F7 /* Project object */;
			proxyType = 1;
			remoteGlobalIDString = 9932C40127CD983C001736F7;
			remoteInfo = "HRVMonitor WatchKit Extension";
		};
		9932C41D27CD983D001736F7 /* PBXContainerItemProxy */ = {
			isa = PBXContainerItemProxy;
			containerPortal = 9932C3ED27CD983A001736F7 /* Project object */;
			proxyType = 1;
			remoteGlobalIDString = 9932C40127CD983C001736F7;
			remoteInfo = "HRVMonitor WatchKit Extension";
		};
		9932C42727CD983D001736F7 /* PBXContainerItemProxy */ = {
			isa = PBXContainerItemProxy;
			containerPortal = 9932C3ED27CD983A001736F7 /* Project object */;
			proxyType = 1;
			remoteGlobalIDString = 9932C3F627CD983B001736F7;
			remoteInfo = "HRVMonitor WatchKit App";
		};
/* End PBXContainerItemProxy section */

/* Begin PBXCopyFilesBuildPhase section */
		9932C43327CD983D001736F7 /* Embed App Extensions */ = {
			isa = PBXCopyFilesBuildPhase;
			buildActionMask = 2147483647;
			dstPath = "";
			dstSubfolderSpec = 13;
			files = (
				9932C40327CD983C001736F7 /* HRVMonitor WatchKit Extension.appex in Embed App Extensions */,
			);
			name = "Embed App Extensions";
			runOnlyForDeploymentPostprocessing = 0;
		};
		9932C43727CD983D001736F7 /* Embed Watch Content */ = {
			isa = PBXCopyFilesBuildPhase;
			buildActionMask = 2147483647;
			dstPath = "$(CONTENTS_FOLDER_PATH)/Watch";
			dstSubfolderSpec = 16;
			files = (
				9932C3F827CD983B001736F7 /* HRVMonitor WatchKit App.app in Embed Watch Content */,
			);
			name = "Embed Watch Content";
			runOnlyForDeploymentPostprocessing = 0;
		};
/* End PBXCopyFilesBuildPhase section */

/* Begin PBXFileReference section */
		661656EA280E228500BEA888 /* CoreML.framework */ = {isa = PBXFileReference; lastKnownFileType = wrapper.framework; name = CoreML.framework; path = Platforms/WatchOS.platform/Developer/SDKs/WatchOS8.5.sdk/System/Library/Frameworks/CoreML.framework; sourceTree = DEVELOPER_DIR; };
		661656EB280E22C300BEA888 /* HealthKit.framework */ = {isa = PBXFileReference; lastKnownFileType = wrapper.framework; name = HealthKit.framework; path = Platforms/WatchOS.platform/Developer/SDKs/WatchOS8.5.sdk/System/Library/Frameworks/HealthKit.framework; sourceTree = DEVELOPER_DIR; };
		661656ED280E313100BEA888 /* LogisticRegression.swift */ = {isa = PBXFileReference; lastKnownFileType = sourcecode.swift; path = LogisticRegression.swift; sourceTree = "<group>"; };
		6618D90E27D6DD5F00EABF5D /* HRVMonitor WatchKit Extension.entitlements */ = {isa = PBXFileReference; lastKnownFileType = text.plist.entitlements; path = "HRVMonitor WatchKit Extension.entitlements"; sourceTree = "<group>"; };
		6632DF212829BB2E0014E2CE /* AlertNotificationHandler.swift */ = {isa = PBXFileReference; lastKnownFileType = sourcecode.swift; path = AlertNotificationHandler.swift; sourceTree = "<group>"; };
		663419BF27DAD79D00F3823B /* NotificationFactory.swift */ = {isa = PBXFileReference; lastKnownFileType = sourcecode.swift; path = NotificationFactory.swift; sourceTree = "<group>"; };
		663EE4E427E1592E00AECB35 /* Production.xcconfig */ = {isa = PBXFileReference; lastKnownFileType = text.xcconfig; path = Production.xcconfig; sourceTree = "<group>"; };
		663EE4E527E1593900AECB35 /* Development.xcconfig */ = {isa = PBXFileReference; lastKnownFileType = text.xcconfig; path = Development.xcconfig; sourceTree = "<group>"; };
		663EE4E627E15B8E00AECB35 /* Configuration.swift */ = {isa = PBXFileReference; lastKnownFileType = sourcecode.swift; path = Configuration.swift; sourceTree = "<group>"; };
		6659324527DBF50F002D1717 /* WorkoutManager.swift */ = {isa = PBXFileReference; fileEncoding = 4; lastKnownFileType = sourcecode.swift; path = WorkoutManager.swift; sourceTree = "<group>"; };
		66A22CF22804A99D0016B27B /* HRVMonitor WatchKit ExtensionDebug.entitlements */ = {isa = PBXFileReference; lastKnownFileType = text.plist.entitlements; path = "HRVMonitor WatchKit ExtensionDebug.entitlements"; sourceTree = "<group>"; };
		66DD4FF92835B8BB0000E20A /* LRDataStore.swift */ = {isa = PBXFileReference; lastKnownFileType = sourcecode.swift; path = LRDataStore.swift; sourceTree = "<group>"; };
		66F2F6F527E533D600561E15 /* Settings.swift */ = {isa = PBXFileReference; lastKnownFileType = sourcecode.swift; path = Settings.swift; sourceTree = "<group>"; };
		9906ED83282D88E700EA9F83 /* EventItem.swift */ = {isa = PBXFileReference; lastKnownFileType = sourcecode.swift; path = EventItem.swift; sourceTree = "<group>"; };
		9917685027E00BF800AC764C /* MonitorEngine.swift */ = {isa = PBXFileReference; lastKnownFileType = sourcecode.swift; path = MonitorEngine.swift; sourceTree = "<group>"; };
		9917685227E176E100AC764C /* ThreatDetector.swift */ = {isa = PBXFileReference; lastKnownFileType = sourcecode.swift; path = ThreatDetector.swift; sourceTree = "<group>"; };
		9917685427E3E88600AC764C /* HrvItem.swift */ = {isa = PBXFileReference; lastKnownFileType = sourcecode.swift; path = HrvItem.swift; sourceTree = "<group>"; };
		9917685627E3EB7A00AC764C /* HrItem.swift */ = {isa = PBXFileReference; lastKnownFileType = sourcecode.swift; path = HrItem.swift; sourceTree = "<group>"; };
		9932C3F327CD983B001736F7 /* HRVMonitor.app */ = {isa = PBXFileReference; explicitFileType = wrapper.application; includeInIndex = 0; path = HRVMonitor.app; sourceTree = BUILT_PRODUCTS_DIR; };
		9932C3F727CD983B001736F7 /* HRVMonitor WatchKit App.app */ = {isa = PBXFileReference; explicitFileType = wrapper.application; includeInIndex = 0; path = "HRVMonitor WatchKit App.app"; sourceTree = BUILT_PRODUCTS_DIR; };
		9932C3FC27CD983C001736F7 /* Assets.xcassets */ = {isa = PBXFileReference; lastKnownFileType = folder.assetcatalog; path = Assets.xcassets; sourceTree = "<group>"; };
		9932C40227CD983C001736F7 /* HRVMonitor WatchKit Extension.appex */ = {isa = PBXFileReference; explicitFileType = "wrapper.app-extension"; includeInIndex = 0; path = "HRVMonitor WatchKit Extension.appex"; sourceTree = BUILT_PRODUCTS_DIR; };
		9932C40727CD983C001736F7 /* HRVMonitorApp.swift */ = {isa = PBXFileReference; lastKnownFileType = sourcecode.swift; path = HRVMonitorApp.swift; sourceTree = "<group>"; };
		9932C40927CD983C001736F7 /* ContentView.swift */ = {isa = PBXFileReference; lastKnownFileType = sourcecode.swift; name = ContentView.swift; path = "HRVMonitor WatchKit Extension/views/ContentView.swift"; sourceTree = SOURCE_ROOT; };
		9932C40B27CD983C001736F7 /* NotificationController.swift */ = {isa = PBXFileReference; lastKnownFileType = sourcecode.swift; path = NotificationController.swift; sourceTree = "<group>"; };
		9932C40D27CD983C001736F7 /* NotificationView.swift */ = {isa = PBXFileReference; lastKnownFileType = sourcecode.swift; path = NotificationView.swift; sourceTree = "<group>"; };
		9932C40F27CD983C001736F7 /* ComplicationController.swift */ = {isa = PBXFileReference; lastKnownFileType = sourcecode.swift; path = ComplicationController.swift; sourceTree = "<group>"; };
		9932C41127CD983D001736F7 /* Assets.xcassets */ = {isa = PBXFileReference; lastKnownFileType = folder.assetcatalog; path = Assets.xcassets; sourceTree = "<group>"; };
		9932C41427CD983D001736F7 /* Preview Assets.xcassets */ = {isa = PBXFileReference; lastKnownFileType = folder.assetcatalog; path = "Preview Assets.xcassets"; sourceTree = "<group>"; };
		9932C41627CD983D001736F7 /* Info.plist */ = {isa = PBXFileReference; lastKnownFileType = text.plist.xml; path = Info.plist; sourceTree = "<group>"; };
		9932C41727CD983D001736F7 /* PushNotificationPayload.apns */ = {isa = PBXFileReference; lastKnownFileType = text; path = PushNotificationPayload.apns; sourceTree = "<group>"; };
		9932C41C27CD983D001736F7 /* HRVMonitorTests.xctest */ = {isa = PBXFileReference; explicitFileType = wrapper.cfbundle; includeInIndex = 0; path = HRVMonitorTests.xctest; sourceTree = BUILT_PRODUCTS_DIR; };
		9932C42027CD983D001736F7 /* HRVMonitorTests.swift */ = {isa = PBXFileReference; lastKnownFileType = sourcecode.swift; path = HRVMonitorTests.swift; sourceTree = "<group>"; };
		9932C42627CD983D001736F7 /* HRVMonitorUITests.xctest */ = {isa = PBXFileReference; explicitFileType = wrapper.cfbundle; includeInIndex = 0; path = HRVMonitorUITests.xctest; sourceTree = BUILT_PRODUCTS_DIR; };
		9932C42A27CD983D001736F7 /* HRVMonitorUITests.swift */ = {isa = PBXFileReference; lastKnownFileType = sourcecode.swift; path = HRVMonitorUITests.swift; sourceTree = "<group>"; };
		9932C42C27CD983D001736F7 /* HRVMonitorUITestsLaunchTests.swift */ = {isa = PBXFileReference; lastKnownFileType = sourcecode.swift; path = HRVMonitorUITestsLaunchTests.swift; sourceTree = "<group>"; };
		99365291283BFF2F00192FD3 /* JsonSerializerUtils.swift */ = {isa = PBXFileReference; lastKnownFileType = sourcecode.swift; path = JsonSerializerUtils.swift; sourceTree = "<group>"; };
		99502B41282F25ED00A7A2EE /* PersistenceContainer.swift */ = {isa = PBXFileReference; lastKnownFileType = sourcecode.swift; path = PersistenceContainer.swift; sourceTree = "<group>"; };
		99502B43282F2CE000A7A2EE /* StorageService.swift */ = {isa = PBXFileReference; lastKnownFileType = sourcecode.swift; path = StorageService.swift; sourceTree = "<group>"; };
		99502B45282F2F1500A7A2EE /* CloudKit.framework */ = {isa = PBXFileReference; lastKnownFileType = wrapper.framework; name = CloudKit.framework; path = System/Library/Frameworks/CloudKit.framework; sourceTree = SDKROOT; };
		99502B47282F2F4300A7A2EE /* CoreData.framework */ = {isa = PBXFileReference; lastKnownFileType = wrapper.framework; name = CoreData.framework; path = System/Library/Frameworks/CoreData.framework; sourceTree = SDKROOT; };
		995221E42822108B00AFAF67 /* EventLogView.swift */ = {isa = PBXFileReference; lastKnownFileType = sourcecode.swift; path = EventLogView.swift; sourceTree = "<group>"; };
		995221E72822112600AFAF67 /* EventView.swift */ = {isa = PBXFileReference; lastKnownFileType = sourcecode.swift; path = EventView.swift; sourceTree = "<group>"; };
		995221E9282212D800AFAF67 /* SettingsView.swift */ = {isa = PBXFileReference; lastKnownFileType = sourcecode.swift; path = SettingsView.swift; sourceTree = "<group>"; };
		9971399A2825E3550029D831 /* MonitorView.swift */ = {isa = PBXFileReference; lastKnownFileType = sourcecode.swift; path = MonitorView.swift; sourceTree = "<group>"; };
		9971399C2825E5030029D831 /* StatisticView.swift */ = {isa = PBXFileReference; lastKnownFileType = sourcecode.swift; path = StatisticView.swift; sourceTree = "<group>"; };
		997139A42825F7660029D831 /* StringFormatUtils.swift */ = {isa = PBXFileReference; lastKnownFileType = sourcecode.swift; path = StringFormatUtils.swift; sourceTree = "<group>"; };
		997139A72825F7C30029D831 /* ButtonConstants.swift */ = {isa = PBXFileReference; lastKnownFileType = sourcecode.swift; path = ButtonConstants.swift; sourceTree = "<group>"; };
		997EAFF927D6FCCA004B257C /* HeartRatePoller.swift */ = {isa = PBXFileReference; lastKnownFileType = sourcecode.swift; path = HeartRatePoller.swift; sourceTree = "<group>"; };
		997EAFFF27DC141E004B257C /* MonitorItem.swift */ = {isa = PBXFileReference; lastKnownFileType = sourcecode.swift; path = MonitorItem.swift; sourceTree = "<group>"; };
		998611C928482B3A00D6981D /* ManualFeedbackView.swift */ = {isa = PBXFileReference; lastKnownFileType = sourcecode.swift; path = ManualFeedbackView.swift; sourceTree = "<group>"; };
		999D59AE28494453006B820B /* ExportedEntities.swift */ = {isa = PBXFileReference; lastKnownFileType = sourcecode.swift; path = ExportedEntities.swift; sourceTree = "<group>"; };
		99A298A228492D4300AE045C /* ExportView.swift */ = {isa = PBXFileReference; lastKnownFileType = sourcecode.swift; path = ExportView.swift; sourceTree = "<group>"; };
		99AC909B2835BAD3009BEC95 /* AppModel.xcdatamodel */ = {isa = PBXFileReference; lastKnownFileType = wrapper.xcdatamodel; path = AppModel.xcdatamodel; sourceTree = "<group>"; };
		99AC909C2835BAD3009BEC95 /* DataModel.xcdatamodel */ = {isa = PBXFileReference; lastKnownFileType = wrapper.xcdatamodel; path = DataModel.xcdatamodel; sourceTree = "<group>"; };
		99AC909E2835D21C009BEC95 /* HrvMapUtils.swift */ = {isa = PBXFileReference; lastKnownFileType = sourcecode.swift; path = HrvMapUtils.swift; sourceTree = "<group>"; };
		99B00A5428496C6B009D8FEE /* WatchExportSession.swift */ = {isa = PBXFileReference; lastKnownFileType = sourcecode.swift; path = WatchExportSession.swift; sourceTree = "<group>"; };
		99E682B728383FB20035758A /* PatientSettings.swift */ = {isa = PBXFileReference; lastKnownFileType = sourcecode.swift; path = PatientSettings.swift; sourceTree = "<group>"; };
		99E682BA2838435F0035758A /* PatientSettingsConstants.swift */ = {isa = PBXFileReference; lastKnownFileType = sourcecode.swift; path = PatientSettingsConstants.swift; sourceTree = "<group>"; };
/* End PBXFileReference section */

/* Begin PBXFrameworksBuildPhase section */
		9932C3FF27CD983C001736F7 /* Frameworks */ = {
			isa = PBXFrameworksBuildPhase;
			buildActionMask = 2147483647;
			files = (
				99502B48282F2F4300A7A2EE /* CoreData.framework in Frameworks */,
				99CCDBD127FBAA6500600DD1 /* Charts in Frameworks */,
				661656EC280E22C300BEA888 /* HealthKit.framework in Frameworks */,
			);
			runOnlyForDeploymentPostprocessing = 0;
		};
		9932C41927CD983D001736F7 /* Frameworks */ = {
			isa = PBXFrameworksBuildPhase;
			buildActionMask = 2147483647;
			files = (
			);
			runOnlyForDeploymentPostprocessing = 0;
		};
		9932C42327CD983D001736F7 /* Frameworks */ = {
			isa = PBXFrameworksBuildPhase;
			buildActionMask = 2147483647;
			files = (
			);
			runOnlyForDeploymentPostprocessing = 0;
		};
/* End PBXFrameworksBuildPhase section */

/* Begin PBXGroup section */
		6618D90927D6D38700EABF5D /* Frameworks */ = {
			isa = PBXGroup;
			children = (
				99502B47282F2F4300A7A2EE /* CoreData.framework */,
				99502B45282F2F1500A7A2EE /* CloudKit.framework */,
				661656EB280E22C300BEA888 /* HealthKit.framework */,
				661656EA280E228500BEA888 /* CoreML.framework */,
			);
			name = Frameworks;
			sourceTree = "<group>";
		};
		9916D36627FE1BA700822E76 /* config */ = {
			isa = PBXGroup;
			children = (
				66F2F6F527E533D600561E15 /* Settings.swift */,
				663EE4E627E15B8E00AECB35 /* Configuration.swift */,
			);
			path = config;
			sourceTree = "<group>";
		};
		9916D36727FE1BC600822E76 /* views */ = {
			isa = PBXGroup;
			children = (
				9932C40927CD983C001736F7 /* ContentView.swift */,
				9932C40D27CD983C001736F7 /* NotificationView.swift */,
				995221E42822108B00AFAF67 /* EventLogView.swift */,
				995221E72822112600AFAF67 /* EventView.swift */,
				995221E9282212D800AFAF67 /* SettingsView.swift */,
				9971399A2825E3550029D831 /* MonitorView.swift */,
				9971399C2825E5030029D831 /* StatisticView.swift */,
				998611C928482B3A00D6981D /* ManualFeedbackView.swift */,
				99A298A228492D4300AE045C /* ExportView.swift */,
			);
			path = views;
			sourceTree = "<group>";
		};
		9916D36827FE1BD400822E76 /* models */ = {
			isa = PBXGroup;
			children = (
				997EAFFF27DC141E004B257C /* MonitorItem.swift */,
				9917685427E3E88600AC764C /* HrvItem.swift */,
				9917685627E3EB7A00AC764C /* HrItem.swift */,
				9906ED83282D88E700EA9F83 /* EventItem.swift */,
				99E682B728383FB20035758A /* PatientSettings.swift */,
				66DD4FF92835B8BB0000E20A /* LRDataStore.swift */,
				999D59AE28494453006B820B /* ExportedEntities.swift */,
			);
			path = models;
			sourceTree = "<group>";
		};
		9916D36927FE1C0B00822E76 /* controllers */ = {
			isa = PBXGroup;
			children = (
				9917685027E00BF800AC764C /* MonitorEngine.swift */,
				9932C40B27CD983C001736F7 /* NotificationController.swift */,
				9932C40F27CD983C001736F7 /* ComplicationController.swift */,
			);
			path = controllers;
			sourceTree = "<group>";
		};
		9916D36B27FE1C2400822E76 /* services */ = {
			isa = PBXGroup;
			children = (
				661656ED280E313100BEA888 /* LogisticRegression.swift */,
				997EAFF927D6FCCA004B257C /* HeartRatePoller.swift */,
				663419BF27DAD79D00F3823B /* NotificationFactory.swift */,
				6659324527DBF50F002D1717 /* WorkoutManager.swift */,
				9917685227E176E100AC764C /* ThreatDetector.swift */,
				6632DF212829BB2E0014E2CE /* AlertNotificationHandler.swift */,
			);
			path = services;
			sourceTree = "<group>";
		};
		9932C3EC27CD983A001736F7 = {
			isa = PBXGroup;
			children = (
				99502B3D282F255F00A7A2EE /* StorageModule */,
				9932C3FB27CD983B001736F7 /* HRVMonitor WatchKit App */,
				9932C40627CD983C001736F7 /* HRVMonitor WatchKit Extension */,
				9932C41F27CD983D001736F7 /* HRVMonitorTests */,
				9932C42927CD983D001736F7 /* HRVMonitorUITests */,
				9932C3F427CD983B001736F7 /* Products */,
				6618D90927D6D38700EABF5D /* Frameworks */,
			);
			sourceTree = "<group>";
		};
		9932C3F427CD983B001736F7 /* Products */ = {
			isa = PBXGroup;
			children = (
				9932C3F327CD983B001736F7 /* HRVMonitor.app */,
				9932C3F727CD983B001736F7 /* HRVMonitor WatchKit App.app */,
				9932C40227CD983C001736F7 /* HRVMonitor WatchKit Extension.appex */,
				9932C41C27CD983D001736F7 /* HRVMonitorTests.xctest */,
				9932C42627CD983D001736F7 /* HRVMonitorUITests.xctest */,
			);
			name = Products;
			sourceTree = "<group>";
		};
		9932C3FB27CD983B001736F7 /* HRVMonitor WatchKit App */ = {
			isa = PBXGroup;
			children = (
				9932C3FC27CD983C001736F7 /* Assets.xcassets */,
			);
			path = "HRVMonitor WatchKit App";
			sourceTree = "<group>";
		};
		9932C40627CD983C001736F7 /* HRVMonitor WatchKit Extension */ = {
			isa = PBXGroup;
			children = (
				99B00A5328496B8B009D8FEE /* export */,
				997139A62825F7B50029D831 /* constants */,
				997139A02825F5090029D831 /* utils */,
				66A22CF22804A99D0016B27B /* HRVMonitor WatchKit ExtensionDebug.entitlements */,
				9916D36B27FE1C2400822E76 /* services */,
				9916D36927FE1C0B00822E76 /* controllers */,
				9916D36827FE1BD400822E76 /* models */,
				9916D36727FE1BC600822E76 /* views */,
				9916D36627FE1BA700822E76 /* config */,
				6618D90E27D6DD5F00EABF5D /* HRVMonitor WatchKit Extension.entitlements */,
				9932C40727CD983C001736F7 /* HRVMonitorApp.swift */,
				9932C41127CD983D001736F7 /* Assets.xcassets */,
				9932C41627CD983D001736F7 /* Info.plist */,
				663EE4E427E1592E00AECB35 /* Production.xcconfig */,
				663EE4E527E1593900AECB35 /* Development.xcconfig */,
				9932C41727CD983D001736F7 /* PushNotificationPayload.apns */,
				9932C41327CD983D001736F7 /* Preview Content */,
			);
			path = "HRVMonitor WatchKit Extension";
			sourceTree = "<group>";
		};
		9932C41327CD983D001736F7 /* Preview Content */ = {
			isa = PBXGroup;
			children = (
				9932C41427CD983D001736F7 /* Preview Assets.xcassets */,
			);
			path = "Preview Content";
			sourceTree = "<group>";
		};
		9932C41F27CD983D001736F7 /* HRVMonitorTests */ = {
			isa = PBXGroup;
			children = (
				9932C42027CD983D001736F7 /* HRVMonitorTests.swift */,
			);
			path = HRVMonitorTests;
			sourceTree = "<group>";
		};
		9932C42927CD983D001736F7 /* HRVMonitorUITests */ = {
			isa = PBXGroup;
			children = (
				9932C42A27CD983D001736F7 /* HRVMonitorUITests.swift */,
				9932C42C27CD983D001736F7 /* HRVMonitorUITestsLaunchTests.swift */,
			);
			path = HRVMonitorUITests;
			sourceTree = "<group>";
		};
		99502B3D282F255F00A7A2EE /* StorageModule */ = {
			isa = PBXGroup;
			children = (
				99502B41282F25ED00A7A2EE /* PersistenceContainer.swift */,
				99502B43282F2CE000A7A2EE /* StorageService.swift */,
				99AC909A2835BAD3009BEC95 /* AppModel.xcdatamodeld */,
			);
			path = StorageModule;
			sourceTree = "<group>";
		};
		997139A02825F5090029D831 /* utils */ = {
			isa = PBXGroup;
			children = (
				997139A42825F7660029D831 /* StringFormatUtils.swift */,
				99AC909E2835D21C009BEC95 /* HrvMapUtils.swift */,
				99365291283BFF2F00192FD3 /* JsonSerializerUtils.swift */,
			);
			path = utils;
			sourceTree = "<group>";
		};
		997139A62825F7B50029D831 /* constants */ = {
			isa = PBXGroup;
			children = (
				997139A72825F7C30029D831 /* ButtonConstants.swift */,
				99E682BA2838435F0035758A /* PatientSettingsConstants.swift */,
			);
			path = constants;
			sourceTree = "<group>";
		};
		99B00A5328496B8B009D8FEE /* export */ = {
			isa = PBXGroup;
			children = (
				99B00A5428496C6B009D8FEE /* WatchExportSession.swift */,
			);
			path = export;
			sourceTree = "<group>";
		};
/* End PBXGroup section */

/* Begin PBXNativeTarget section */
		9932C3F227CD983B001736F7 /* HRVMonitor */ = {
			isa = PBXNativeTarget;
			buildConfigurationList = 9932C43827CD983D001736F7 /* Build configuration list for PBXNativeTarget "HRVMonitor" */;
			buildPhases = (
				9932C3F127CD983B001736F7 /* Resources */,
				9932C43727CD983D001736F7 /* Embed Watch Content */,
			);
			buildRules = (
			);
			dependencies = (
				9932C3FA27CD983B001736F7 /* PBXTargetDependency */,
			);
			name = HRVMonitor;
			packageProductDependencies = (
				99CCDBCF27FBAA5A00600DD1 /* Charts */,
			);
			productName = HRVMonitor;
			productReference = 9932C3F327CD983B001736F7 /* HRVMonitor.app */;
			productType = "com.apple.product-type.application.watchapp2-container";
		};
		9932C3F627CD983B001736F7 /* HRVMonitor WatchKit App */ = {
			isa = PBXNativeTarget;
			buildConfigurationList = 9932C43427CD983D001736F7 /* Build configuration list for PBXNativeTarget "HRVMonitor WatchKit App" */;
			buildPhases = (
				9932C3F527CD983B001736F7 /* Resources */,
				9932C43327CD983D001736F7 /* Embed App Extensions */,
			);
			buildRules = (
			);
			dependencies = (
				9932C40527CD983C001736F7 /* PBXTargetDependency */,
			);
			name = "HRVMonitor WatchKit App";
			productName = "HRVMonitor WatchKit App";
			productReference = 9932C3F727CD983B001736F7 /* HRVMonitor WatchKit App.app */;
			productType = "com.apple.product-type.application.watchapp2";
		};
		9932C40127CD983C001736F7 /* HRVMonitor WatchKit Extension */ = {
			isa = PBXNativeTarget;
			buildConfigurationList = 9932C43027CD983D001736F7 /* Build configuration list for PBXNativeTarget "HRVMonitor WatchKit Extension" */;
			buildPhases = (
				9932C3FE27CD983C001736F7 /* Sources */,
				9932C3FF27CD983C001736F7 /* Frameworks */,
				9932C40027CD983C001736F7 /* Resources */,
			);
			buildRules = (
			);
			dependencies = (
			);
			name = "HRVMonitor WatchKit Extension";
			packageProductDependencies = (
				99CCDBD027FBAA6500600DD1 /* Charts */,
			);
			productName = "HRVMonitor WatchKit Extension";
			productReference = 9932C40227CD983C001736F7 /* HRVMonitor WatchKit Extension.appex */;
			productType = "com.apple.product-type.watchkit2-extension";
		};
		9932C41B27CD983D001736F7 /* HRVMonitorTests */ = {
			isa = PBXNativeTarget;
			buildConfigurationList = 9932C43B27CD983D001736F7 /* Build configuration list for PBXNativeTarget "HRVMonitorTests" */;
			buildPhases = (
				9932C41827CD983D001736F7 /* Sources */,
				9932C41927CD983D001736F7 /* Frameworks */,
				9932C41A27CD983D001736F7 /* Resources */,
			);
			buildRules = (
			);
			dependencies = (
				9932C41E27CD983D001736F7 /* PBXTargetDependency */,
			);
			name = HRVMonitorTests;
			productName = HRVMonitorTests;
			productReference = 9932C41C27CD983D001736F7 /* HRVMonitorTests.xctest */;
			productType = "com.apple.product-type.bundle.unit-test";
		};
		9932C42527CD983D001736F7 /* HRVMonitorUITests */ = {
			isa = PBXNativeTarget;
			buildConfigurationList = 9932C43E27CD983D001736F7 /* Build configuration list for PBXNativeTarget "HRVMonitorUITests" */;
			buildPhases = (
				9932C42227CD983D001736F7 /* Sources */,
				9932C42327CD983D001736F7 /* Frameworks */,
				9932C42427CD983D001736F7 /* Resources */,
			);
			buildRules = (
			);
			dependencies = (
				9932C42827CD983D001736F7 /* PBXTargetDependency */,
			);
			name = HRVMonitorUITests;
			productName = HRVMonitorUITests;
			productReference = 9932C42627CD983D001736F7 /* HRVMonitorUITests.xctest */;
			productType = "com.apple.product-type.bundle.ui-testing";
		};
/* End PBXNativeTarget section */

/* Begin PBXProject section */
		9932C3ED27CD983A001736F7 /* Project object */ = {
			isa = PBXProject;
			attributes = {
				BuildIndependentTargetsInParallel = 1;
				LastSwiftUpdateCheck = 1310;
				LastUpgradeCheck = 1330;
				TargetAttributes = {
					9932C3F227CD983B001736F7 = {
						CreatedOnToolsVersion = 13.1;
					};
					9932C3F627CD983B001736F7 = {
						CreatedOnToolsVersion = 13.1;
					};
					9932C40127CD983C001736F7 = {
						CreatedOnToolsVersion = 13.1;
					};
					9932C41B27CD983D001736F7 = {
						CreatedOnToolsVersion = 13.1;
						TestTargetID = 9932C40127CD983C001736F7;
					};
					9932C42527CD983D001736F7 = {
						CreatedOnToolsVersion = 13.1;
						TestTargetID = 9932C3F627CD983B001736F7;
					};
				};
			};
			buildConfigurationList = 9932C3F027CD983A001736F7 /* Build configuration list for PBXProject "HRVMonitor" */;
			compatibilityVersion = "Xcode 13.0";
			developmentRegion = en;
			hasScannedForEncodings = 0;
			knownRegions = (
				en,
				Base,
			);
			mainGroup = 9932C3EC27CD983A001736F7;
			packageReferences = (
				99CCDBCE27FBAA5A00600DD1 /* XCRemoteSwiftPackageReference "swiftui-charts" */,
			);
			productRefGroup = 9932C3F427CD983B001736F7 /* Products */;
			projectDirPath = "";
			projectRoot = "";
			targets = (
				9932C3F227CD983B001736F7 /* HRVMonitor */,
				9932C3F627CD983B001736F7 /* HRVMonitor WatchKit App */,
				9932C40127CD983C001736F7 /* HRVMonitor WatchKit Extension */,
				9932C41B27CD983D001736F7 /* HRVMonitorTests */,
				9932C42527CD983D001736F7 /* HRVMonitorUITests */,
			);
		};
/* End PBXProject section */

/* Begin PBXResourcesBuildPhase section */
		9932C3F127CD983B001736F7 /* Resources */ = {
			isa = PBXResourcesBuildPhase;
			buildActionMask = 2147483647;
			files = (
			);
			runOnlyForDeploymentPostprocessing = 0;
		};
		9932C3F527CD983B001736F7 /* Resources */ = {
			isa = PBXResourcesBuildPhase;
			buildActionMask = 2147483647;
			files = (
				9932C3FD27CD983C001736F7 /* Assets.xcassets in Resources */,
			);
			runOnlyForDeploymentPostprocessing = 0;
		};
		9932C40027CD983C001736F7 /* Resources */ = {
			isa = PBXResourcesBuildPhase;
			buildActionMask = 2147483647;
			files = (
				9932C41527CD983D001736F7 /* Preview Assets.xcassets in Resources */,
				9932C41227CD983D001736F7 /* Assets.xcassets in Resources */,
			);
			runOnlyForDeploymentPostprocessing = 0;
		};
		9932C41A27CD983D001736F7 /* Resources */ = {
			isa = PBXResourcesBuildPhase;
			buildActionMask = 2147483647;
			files = (
			);
			runOnlyForDeploymentPostprocessing = 0;
		};
		9932C42427CD983D001736F7 /* Resources */ = {
			isa = PBXResourcesBuildPhase;
			buildActionMask = 2147483647;
			files = (
			);
			runOnlyForDeploymentPostprocessing = 0;
		};
/* End PBXResourcesBuildPhase section */

/* Begin PBXSourcesBuildPhase section */
		9932C3FE27CD983C001736F7 /* Sources */ = {
			isa = PBXSourcesBuildPhase;
			buildActionMask = 2147483647;
			files = (
				99E682B828383FB20035758A /* PatientSettings.swift in Sources */,
				9932C40C27CD983C001736F7 /* NotificationController.swift in Sources */,
				9971399B2825E3550029D831 /* MonitorView.swift in Sources */,
				998611CA28482B3A00D6981D /* ManualFeedbackView.swift in Sources */,
				9917685327E176E100AC764C /* ThreatDetector.swift in Sources */,
				661656EE280E313100BEA888 /* LogisticRegression.swift in Sources */,
				9932C40A27CD983C001736F7 /* ContentView.swift in Sources */,
				9906ED84282D88E700EA9F83 /* EventItem.swift in Sources */,
				995221E82822112600AFAF67 /* EventView.swift in Sources */,
				995221EA282212D800AFAF67 /* SettingsView.swift in Sources */,
				99502B42282F25ED00A7A2EE /* PersistenceContainer.swift in Sources */,
				997EAFFA27D6FCCA004B257C /* HeartRatePoller.swift in Sources */,
				99AC909F2835D21C009BEC95 /* HrvMapUtils.swift in Sources */,
				99A298A328492D4300AE045C /* ExportView.swift in Sources */,
				9917685727E3EB7A00AC764C /* HrItem.swift in Sources */,
				997139A82825F7C30029D831 /* ButtonConstants.swift in Sources */,
				9971399D2825E5030029D831 /* StatisticView.swift in Sources */,
				99502B44282F2CE000A7A2EE /* StorageService.swift in Sources */,
				9932C41027CD983C001736F7 /* ComplicationController.swift in Sources */,
				66DD4FFA2835B8BB0000E20A /* LRDataStore.swift in Sources */,
				6659324627DBF50F002D1717 /* WorkoutManager.swift in Sources */,
				9932C40827CD983C001736F7 /* HRVMonitorApp.swift in Sources */,
				99B00A5528496C6B009D8FEE /* WatchExportSession.swift in Sources */,
				9917685527E3E88600AC764C /* HrvItem.swift in Sources */,
				9917685127E00BF800AC764C /* MonitorEngine.swift in Sources */,
				663419C027DAD79D00F3823B /* NotificationFactory.swift in Sources */,
				9932C40E27CD983C001736F7 /* NotificationView.swift in Sources */,
				99AC909D2835BAD3009BEC95 /* AppModel.xcdatamodeld in Sources */,
				995221E52822108B00AFAF67 /* EventLogView.swift in Sources */,
				99365292283BFF2F00192FD3 /* JsonSerializerUtils.swift in Sources */,
				999D59AF28494453006B820B /* ExportedEntities.swift in Sources */,
				99E682BB2838435F0035758A /* PatientSettingsConstants.swift in Sources */,
				997EB00027DC141E004B257C /* MonitorItem.swift in Sources */,
				663EE4E727E15B8E00AECB35 /* Configuration.swift in Sources */,
				66F2F6F627E533D600561E15 /* Settings.swift in Sources */,
				997139A52825F7660029D831 /* StringFormatUtils.swift in Sources */,
				6632DF222829BB2E0014E2CE /* AlertNotificationHandler.swift in Sources */,
			);
			runOnlyForDeploymentPostprocessing = 0;
		};
		9932C41827CD983D001736F7 /* Sources */ = {
			isa = PBXSourcesBuildPhase;
			buildActionMask = 2147483647;
			files = (
				9932C42127CD983D001736F7 /* HRVMonitorTests.swift in Sources */,
			);
			runOnlyForDeploymentPostprocessing = 0;
		};
		9932C42227CD983D001736F7 /* Sources */ = {
			isa = PBXSourcesBuildPhase;
			buildActionMask = 2147483647;
			files = (
				9932C42D27CD983D001736F7 /* HRVMonitorUITestsLaunchTests.swift in Sources */,
				9932C42B27CD983D001736F7 /* HRVMonitorUITests.swift in Sources */,
			);
			runOnlyForDeploymentPostprocessing = 0;
		};
/* End PBXSourcesBuildPhase section */

/* Begin PBXTargetDependency section */
		9932C3FA27CD983B001736F7 /* PBXTargetDependency */ = {
			isa = PBXTargetDependency;
			target = 9932C3F627CD983B001736F7 /* HRVMonitor WatchKit App */;
			targetProxy = 9932C3F927CD983B001736F7 /* PBXContainerItemProxy */;
		};
		9932C40527CD983C001736F7 /* PBXTargetDependency */ = {
			isa = PBXTargetDependency;
			target = 9932C40127CD983C001736F7 /* HRVMonitor WatchKit Extension */;
			targetProxy = 9932C40427CD983C001736F7 /* PBXContainerItemProxy */;
		};
		9932C41E27CD983D001736F7 /* PBXTargetDependency */ = {
			isa = PBXTargetDependency;
			target = 9932C40127CD983C001736F7 /* HRVMonitor WatchKit Extension */;
			targetProxy = 9932C41D27CD983D001736F7 /* PBXContainerItemProxy */;
		};
		9932C42827CD983D001736F7 /* PBXTargetDependency */ = {
			isa = PBXTargetDependency;
			target = 9932C3F627CD983B001736F7 /* HRVMonitor WatchKit App */;
			targetProxy = 9932C42727CD983D001736F7 /* PBXContainerItemProxy */;
		};
/* End PBXTargetDependency section */

/* Begin XCBuildConfiguration section */
		9932C42E27CD983D001736F7 /* Debug */ = {
			isa = XCBuildConfiguration;
			baseConfigurationReference = 663EE4E527E1593900AECB35 /* Development.xcconfig */;
			buildSettings = {
				ALWAYS_SEARCH_USER_PATHS = NO;
				CLANG_ANALYZER_NONNULL = YES;
				CLANG_ANALYZER_NUMBER_OBJECT_CONVERSION = YES_AGGRESSIVE;
				CLANG_CXX_LANGUAGE_STANDARD = "gnu++17";
				CLANG_CXX_LIBRARY = "libc++";
				CLANG_ENABLE_MODULES = YES;
				CLANG_ENABLE_OBJC_ARC = YES;
				CLANG_ENABLE_OBJC_WEAK = YES;
				CLANG_WARN_BLOCK_CAPTURE_AUTORELEASING = YES;
				CLANG_WARN_BOOL_CONVERSION = YES;
				CLANG_WARN_COMMA = YES;
				CLANG_WARN_CONSTANT_CONVERSION = YES;
				CLANG_WARN_DEPRECATED_OBJC_IMPLEMENTATIONS = YES;
				CLANG_WARN_DIRECT_OBJC_ISA_USAGE = YES_ERROR;
				CLANG_WARN_DOCUMENTATION_COMMENTS = YES;
				CLANG_WARN_EMPTY_BODY = YES;
				CLANG_WARN_ENUM_CONVERSION = YES;
				CLANG_WARN_INFINITE_RECURSION = YES;
				CLANG_WARN_INT_CONVERSION = YES;
				CLANG_WARN_NON_LITERAL_NULL_CONVERSION = YES;
				CLANG_WARN_OBJC_IMPLICIT_RETAIN_SELF = YES;
				CLANG_WARN_OBJC_LITERAL_CONVERSION = YES;
				CLANG_WARN_OBJC_ROOT_CLASS = YES_ERROR;
				CLANG_WARN_QUOTED_INCLUDE_IN_FRAMEWORK_HEADER = YES;
				CLANG_WARN_RANGE_LOOP_ANALYSIS = YES;
				CLANG_WARN_STRICT_PROTOTYPES = YES;
				CLANG_WARN_SUSPICIOUS_MOVE = YES;
				CLANG_WARN_UNGUARDED_AVAILABILITY = YES_AGGRESSIVE;
				CLANG_WARN_UNREACHABLE_CODE = YES;
				CLANG_WARN__DUPLICATE_METHOD_MATCH = YES;
				COPY_PHASE_STRIP = NO;
				DEBUG_INFORMATION_FORMAT = dwarf;
				ENABLE_STRICT_OBJC_MSGSEND = YES;
				ENABLE_TESTABILITY = YES;
				GCC_C_LANGUAGE_STANDARD = gnu11;
				GCC_DYNAMIC_NO_PIC = NO;
				GCC_NO_COMMON_BLOCKS = YES;
				GCC_OPTIMIZATION_LEVEL = 0;
				GCC_PREPROCESSOR_DEFINITIONS = (
					"DEBUG=1",
					"$(inherited)",
				);
				GCC_WARN_64_TO_32_BIT_CONVERSION = YES;
				GCC_WARN_ABOUT_RETURN_TYPE = YES_ERROR;
				GCC_WARN_UNDECLARED_SELECTOR = YES;
				GCC_WARN_UNINITIALIZED_AUTOS = YES_AGGRESSIVE;
				GCC_WARN_UNUSED_FUNCTION = YES;
				GCC_WARN_UNUSED_VARIABLE = YES;
				MTL_ENABLE_DEBUG_INFO = INCLUDE_SOURCE;
				MTL_FAST_MATH = YES;
				ONLY_ACTIVE_ARCH = YES;
				SDKROOT = watchos;
				SUPPORTED_PLATFORMS = "watchsimulator watchos";
				SWIFT_ACTIVE_COMPILATION_CONDITIONS = DEBUG;
				SWIFT_OPTIMIZATION_LEVEL = "-Onone";
			};
			name = Debug;
		};
		9932C42F27CD983D001736F7 /* Release */ = {
			isa = XCBuildConfiguration;
			baseConfigurationReference = 663EE4E427E1592E00AECB35 /* Production.xcconfig */;
			buildSettings = {
				ALWAYS_SEARCH_USER_PATHS = NO;
				CLANG_ANALYZER_NONNULL = YES;
				CLANG_ANALYZER_NUMBER_OBJECT_CONVERSION = YES_AGGRESSIVE;
				CLANG_CXX_LANGUAGE_STANDARD = "gnu++17";
				CLANG_CXX_LIBRARY = "libc++";
				CLANG_ENABLE_MODULES = YES;
				CLANG_ENABLE_OBJC_ARC = YES;
				CLANG_ENABLE_OBJC_WEAK = YES;
				CLANG_WARN_BLOCK_CAPTURE_AUTORELEASING = YES;
				CLANG_WARN_BOOL_CONVERSION = YES;
				CLANG_WARN_COMMA = YES;
				CLANG_WARN_CONSTANT_CONVERSION = YES;
				CLANG_WARN_DEPRECATED_OBJC_IMPLEMENTATIONS = YES;
				CLANG_WARN_DIRECT_OBJC_ISA_USAGE = YES_ERROR;
				CLANG_WARN_DOCUMENTATION_COMMENTS = YES;
				CLANG_WARN_EMPTY_BODY = YES;
				CLANG_WARN_ENUM_CONVERSION = YES;
				CLANG_WARN_INFINITE_RECURSION = YES;
				CLANG_WARN_INT_CONVERSION = YES;
				CLANG_WARN_NON_LITERAL_NULL_CONVERSION = YES;
				CLANG_WARN_OBJC_IMPLICIT_RETAIN_SELF = YES;
				CLANG_WARN_OBJC_LITERAL_CONVERSION = YES;
				CLANG_WARN_OBJC_ROOT_CLASS = YES_ERROR;
				CLANG_WARN_QUOTED_INCLUDE_IN_FRAMEWORK_HEADER = YES;
				CLANG_WARN_RANGE_LOOP_ANALYSIS = YES;
				CLANG_WARN_STRICT_PROTOTYPES = YES;
				CLANG_WARN_SUSPICIOUS_MOVE = YES;
				CLANG_WARN_UNGUARDED_AVAILABILITY = YES_AGGRESSIVE;
				CLANG_WARN_UNREACHABLE_CODE = YES;
				CLANG_WARN__DUPLICATE_METHOD_MATCH = YES;
				COPY_PHASE_STRIP = NO;
				DEBUG_INFORMATION_FORMAT = "dwarf-with-dsym";
				ENABLE_NS_ASSERTIONS = NO;
				ENABLE_STRICT_OBJC_MSGSEND = YES;
				GCC_C_LANGUAGE_STANDARD = gnu11;
				GCC_NO_COMMON_BLOCKS = YES;
				GCC_WARN_64_TO_32_BIT_CONVERSION = YES;
				GCC_WARN_ABOUT_RETURN_TYPE = YES_ERROR;
				GCC_WARN_UNDECLARED_SELECTOR = YES;
				GCC_WARN_UNINITIALIZED_AUTOS = YES_AGGRESSIVE;
				GCC_WARN_UNUSED_FUNCTION = YES;
				GCC_WARN_UNUSED_VARIABLE = YES;
				MTL_ENABLE_DEBUG_INFO = NO;
				MTL_FAST_MATH = YES;
				SDKROOT = watchos;
				SUPPORTED_PLATFORMS = "watchsimulator watchos";
				SWIFT_COMPILATION_MODE = wholemodule;
				SWIFT_OPTIMIZATION_LEVEL = "-O";
				VALIDATE_PRODUCT = YES;
			};
			name = Release;
		};
		9932C43127CD983D001736F7 /* Debug */ = {
			isa = XCBuildConfiguration;
			buildSettings = {
				ASSETCATALOG_COMPILER_COMPLICATION_NAME = Complication;
				CODE_SIGN_ENTITLEMENTS = "HRVMonitor WatchKit Extension/HRVMonitor WatchKit ExtensionDebug.entitlements";
				CODE_SIGN_STYLE = Automatic;
				CURRENT_PROJECT_VERSION = 1;
				DEVELOPMENT_ASSET_PATHS = "\"HRVMonitor WatchKit Extension/Preview Content\"";
				DEVELOPMENT_TEAM = 7ZTT37X4QG;
				ENABLE_PREVIEWS = YES;
				GENERATE_INFOPLIST_FILE = YES;
				INFOPLIST_FILE = "HRVMonitor WatchKit Extension/Info.plist";
				INFOPLIST_KEY_CFBundleDisplayName = "HRVMonitor WatchKit Extension";
				INFOPLIST_KEY_CLKComplicationPrincipalClass = HRVMonitor_WatchKit_Extension.ComplicationController;
				INFOPLIST_KEY_LSApplicationCategoryType = "";
				INFOPLIST_KEY_LSSupportsOpeningDocumentsInPlace = YES;
				INFOPLIST_KEY_NSHealthClinicalHealthRecordsShareUsageDescription = "HRVMonitor App would like to use your heart rate records to monitor your HRV";
				INFOPLIST_KEY_NSHealthShareUsageDescription = "HRVMonitor App will not share your heart rate data";
				INFOPLIST_KEY_NSHealthUpdateUsageDescription = "HRVMonitor App would like to use your heart rate data to update your personal model and provide more accurate HRV analysis";
				INFOPLIST_KEY_NSHumanReadableCopyright = "";
				INFOPLIST_KEY_UISupportsDocumentBrowser = YES;
				INFOPLIST_KEY_WKWatchOnly = YES;
				LD_RUNPATH_SEARCH_PATHS = (
					"$(inherited)",
					"@executable_path/Frameworks",
					"@executable_path/../../Frameworks",
				);
				MARKETING_VERSION = 1.0;
				PRODUCT_BUNDLE_IDENTIFIER = "Eastern-Washington-University.HRVMonitor.watchkitapp.watchkitextension";
				PRODUCT_NAME = "${TARGET_NAME}";
				SDKROOT = watchos;
				SKIP_INSTALL = YES;
				SUPPORTED_PLATFORMS = "watchsimulator watchos";
				SWIFT_EMIT_LOC_STRINGS = YES;
				SWIFT_VERSION = 5.0;
				TARGETED_DEVICE_FAMILY = 4;
				WATCHOS_DEPLOYMENT_TARGET = 8.5;
			};
			name = Debug;
		};
		9932C43227CD983D001736F7 /* Release */ = {
			isa = XCBuildConfiguration;
			buildSettings = {
				ASSETCATALOG_COMPILER_COMPLICATION_NAME = Complication;
				CODE_SIGN_ENTITLEMENTS = "HRVMonitor WatchKit Extension/HRVMonitor WatchKit Extension.entitlements";
				CODE_SIGN_STYLE = Automatic;
				CURRENT_PROJECT_VERSION = 1;
				DEVELOPMENT_ASSET_PATHS = "\"HRVMonitor WatchKit Extension/Preview Content\"";
				DEVELOPMENT_TEAM = 7ZTT37X4QG;
				ENABLE_PREVIEWS = YES;
				GENERATE_INFOPLIST_FILE = YES;
				INFOPLIST_FILE = "HRVMonitor WatchKit Extension/Info.plist";
				INFOPLIST_KEY_CFBundleDisplayName = "HRVMonitor WatchKit Extension";
				INFOPLIST_KEY_CLKComplicationPrincipalClass = HRVMonitor_WatchKit_Extension.ComplicationController;
				INFOPLIST_KEY_LSApplicationCategoryType = "";
				INFOPLIST_KEY_LSSupportsOpeningDocumentsInPlace = YES;
				INFOPLIST_KEY_NSHealthClinicalHealthRecordsShareUsageDescription = "HRVMonitor App would like to use your heart rate records to monitor your HRV";
				INFOPLIST_KEY_NSHealthShareUsageDescription = "HRVMonitor App will not share your heart rate data";
				INFOPLIST_KEY_NSHealthUpdateUsageDescription = "HRVMonitor App would like to use your heart rate data to update your personal model and provide more accurate HRV analysis";
				INFOPLIST_KEY_NSHumanReadableCopyright = "";
				INFOPLIST_KEY_UISupportsDocumentBrowser = YES;
				INFOPLIST_KEY_WKWatchOnly = YES;
				LD_RUNPATH_SEARCH_PATHS = (
					"$(inherited)",
					"@executable_path/Frameworks",
					"@executable_path/../../Frameworks",
				);
				MARKETING_VERSION = 1.0;
				PRODUCT_BUNDLE_IDENTIFIER = "Eastern-Washington-University.HRVMonitor.watchkitapp.watchkitextension";
				PRODUCT_NAME = "${TARGET_NAME}";
				SDKROOT = watchos;
				SKIP_INSTALL = YES;
				SUPPORTED_PLATFORMS = "watchsimulator watchos";
				SWIFT_EMIT_LOC_STRINGS = YES;
				SWIFT_VERSION = 5.0;
				TARGETED_DEVICE_FAMILY = 4;
				WATCHOS_DEPLOYMENT_TARGET = 8.5;
			};
			name = Release;
		};
		9932C43527CD983D001736F7 /* Debug */ = {
			isa = XCBuildConfiguration;
			buildSettings = {
				ALWAYS_EMBED_SWIFT_STANDARD_LIBRARIES = YES;
				ASSETCATALOG_COMPILER_APPICON_NAME = AppIcon;
				ASSETCATALOG_COMPILER_GLOBAL_ACCENT_COLOR_NAME = AccentColor;
				CODE_SIGN_STYLE = Automatic;
				CURRENT_PROJECT_VERSION = 1;
				DEVELOPMENT_TEAM = 7ZTT37X4QG;
				GENERATE_INFOPLIST_FILE = YES;
				IBSC_MODULE = HRVMonitor_WatchKit_Extension;
				INFOPLIST_KEY_CFBundleDisplayName = "HRVMonitor WatchKit App";
				INFOPLIST_KEY_UISupportedInterfaceOrientations = "UIInterfaceOrientationPortrait UIInterfaceOrientationPortraitUpsideDown";
				MARKETING_VERSION = 1.0;
				PRODUCT_BUNDLE_IDENTIFIER = "Eastern-Washington-University.HRVMonitor.watchkitapp";
				PRODUCT_NAME = "$(TARGET_NAME)";
				SDKROOT = watchos;
				SKIP_INSTALL = YES;
				SUPPORTED_PLATFORMS = "watchsimulator watchos";
				SWIFT_EMIT_LOC_STRINGS = YES;
				SWIFT_VERSION = 5.0;
				TARGETED_DEVICE_FAMILY = 4;
				WATCHOS_DEPLOYMENT_TARGET = 8.5;
			};
			name = Debug;
		};
		9932C43627CD983D001736F7 /* Release */ = {
			isa = XCBuildConfiguration;
			buildSettings = {
				ALWAYS_EMBED_SWIFT_STANDARD_LIBRARIES = YES;
				ASSETCATALOG_COMPILER_APPICON_NAME = AppIcon;
				ASSETCATALOG_COMPILER_GLOBAL_ACCENT_COLOR_NAME = AccentColor;
				CODE_SIGN_STYLE = Automatic;
				CURRENT_PROJECT_VERSION = 1;
				DEVELOPMENT_TEAM = 7ZTT37X4QG;
				GENERATE_INFOPLIST_FILE = YES;
				IBSC_MODULE = HRVMonitor_WatchKit_Extension;
				INFOPLIST_KEY_CFBundleDisplayName = "HRVMonitor WatchKit App";
				INFOPLIST_KEY_UISupportedInterfaceOrientations = "UIInterfaceOrientationPortrait UIInterfaceOrientationPortraitUpsideDown";
				MARKETING_VERSION = 1.0;
				PRODUCT_BUNDLE_IDENTIFIER = "Eastern-Washington-University.HRVMonitor.watchkitapp";
				PRODUCT_NAME = "$(TARGET_NAME)";
				SDKROOT = watchos;
				SKIP_INSTALL = YES;
				SUPPORTED_PLATFORMS = "watchsimulator watchos";
				SWIFT_EMIT_LOC_STRINGS = YES;
				SWIFT_VERSION = 5.0;
				TARGETED_DEVICE_FAMILY = 4;
				WATCHOS_DEPLOYMENT_TARGET = 8.5;
			};
			name = Release;
		};
		9932C43927CD983D001736F7 /* Debug */ = {
			isa = XCBuildConfiguration;
			buildSettings = {
				CODE_SIGN_STYLE = Automatic;
				CURRENT_PROJECT_VERSION = 1;
				DEVELOPMENT_TEAM = 7ZTT37X4QG;
				MARKETING_VERSION = 1.0;
				PRODUCT_BUNDLE_IDENTIFIER = "Eastern-Washington-University.HRVMonitor";
				PRODUCT_NAME = "$(TARGET_NAME)";
				SDKROOT = iphoneos;
				SUPPORTED_PLATFORMS = "iphonesimulator iphoneos";
				SWIFT_VERSION = 5.0;
			};
			name = Debug;
		};
		9932C43A27CD983D001736F7 /* Release */ = {
			isa = XCBuildConfiguration;
			buildSettings = {
				CODE_SIGN_STYLE = Automatic;
				CURRENT_PROJECT_VERSION = 1;
				DEVELOPMENT_TEAM = 7ZTT37X4QG;
				MARKETING_VERSION = 1.0;
				PRODUCT_BUNDLE_IDENTIFIER = "Eastern-Washington-University.HRVMonitor";
				PRODUCT_NAME = "$(TARGET_NAME)";
				SDKROOT = iphoneos;
				SUPPORTED_PLATFORMS = "iphonesimulator iphoneos";
				SWIFT_VERSION = 5.0;
			};
			name = Release;
		};
		9932C43C27CD983D001736F7 /* Debug */ = {
			isa = XCBuildConfiguration;
			buildSettings = {
				ALWAYS_EMBED_SWIFT_STANDARD_LIBRARIES = YES;
				BUNDLE_LOADER = "$(TEST_HOST)";
				CODE_SIGN_STYLE = Automatic;
				CURRENT_PROJECT_VERSION = 1;
				DEVELOPMENT_TEAM = 7ZTT37X4QG;
				GENERATE_INFOPLIST_FILE = YES;
				LD_RUNPATH_SEARCH_PATHS = (
					"$(inherited)",
					"@executable_path/Frameworks",
					"@loader_path/Frameworks",
				);
				MARKETING_VERSION = 1.0;
				PRODUCT_BUNDLE_IDENTIFIER = "Eastern-Washington-University.HRVMonitorTests";
				PRODUCT_NAME = "$(TARGET_NAME)";
				SDKROOT = watchos;
				SWIFT_EMIT_LOC_STRINGS = NO;
				SWIFT_VERSION = 5.0;
				TARGETED_DEVICE_FAMILY = 4;
				TEST_HOST = "$(BUILT_PRODUCTS_DIR)/HRVMonitor WatchKit Extension.appex/HRVMonitor WatchKit Extension";
				WATCHOS_DEPLOYMENT_TARGET = 8.0;
			};
			name = Debug;
		};
		9932C43D27CD983D001736F7 /* Release */ = {
			isa = XCBuildConfiguration;
			buildSettings = {
				ALWAYS_EMBED_SWIFT_STANDARD_LIBRARIES = YES;
				BUNDLE_LOADER = "$(TEST_HOST)";
				CODE_SIGN_STYLE = Automatic;
				CURRENT_PROJECT_VERSION = 1;
				DEVELOPMENT_TEAM = 7ZTT37X4QG;
				GENERATE_INFOPLIST_FILE = YES;
				LD_RUNPATH_SEARCH_PATHS = (
					"$(inherited)",
					"@executable_path/Frameworks",
					"@loader_path/Frameworks",
				);
				MARKETING_VERSION = 1.0;
				PRODUCT_BUNDLE_IDENTIFIER = "Eastern-Washington-University.HRVMonitorTests";
				PRODUCT_NAME = "$(TARGET_NAME)";
				SDKROOT = watchos;
				SWIFT_EMIT_LOC_STRINGS = NO;
				SWIFT_VERSION = 5.0;
				TARGETED_DEVICE_FAMILY = 4;
				TEST_HOST = "$(BUILT_PRODUCTS_DIR)/HRVMonitor WatchKit Extension.appex/HRVMonitor WatchKit Extension";
				WATCHOS_DEPLOYMENT_TARGET = 8.0;
			};
			name = Release;
		};
		9932C43F27CD983D001736F7 /* Debug */ = {
			isa = XCBuildConfiguration;
			buildSettings = {
				CODE_SIGN_STYLE = Automatic;
				CURRENT_PROJECT_VERSION = 1;
				DEVELOPMENT_TEAM = 7ZTT37X4QG;
				GENERATE_INFOPLIST_FILE = YES;
				LD_RUNPATH_SEARCH_PATHS = (
					"$(inherited)",
					"@executable_path/Frameworks",
					"@loader_path/Frameworks",
				);
				MARKETING_VERSION = 1.0;
				PRODUCT_BUNDLE_IDENTIFIER = "Eastern-Washington-University.HRVMonitorUITests";
				PRODUCT_NAME = "$(TARGET_NAME)";
				SDKROOT = watchos;
				SWIFT_EMIT_LOC_STRINGS = NO;
				SWIFT_VERSION = 5.0;
				TARGETED_DEVICE_FAMILY = 4;
				TEST_TARGET_NAME = "HRVMonitor WatchKit App";
				WATCHOS_DEPLOYMENT_TARGET = 8.0;
			};
			name = Debug;
		};
		9932C44027CD983D001736F7 /* Release */ = {
			isa = XCBuildConfiguration;
			buildSettings = {
				CODE_SIGN_STYLE = Automatic;
				CURRENT_PROJECT_VERSION = 1;
				DEVELOPMENT_TEAM = 7ZTT37X4QG;
				GENERATE_INFOPLIST_FILE = YES;
				LD_RUNPATH_SEARCH_PATHS = (
					"$(inherited)",
					"@executable_path/Frameworks",
					"@loader_path/Frameworks",
				);
				MARKETING_VERSION = 1.0;
				PRODUCT_BUNDLE_IDENTIFIER = "Eastern-Washington-University.HRVMonitorUITests";
				PRODUCT_NAME = "$(TARGET_NAME)";
				SDKROOT = watchos;
				SWIFT_EMIT_LOC_STRINGS = NO;
				SWIFT_VERSION = 5.0;
				TARGETED_DEVICE_FAMILY = 4;
				TEST_TARGET_NAME = "HRVMonitor WatchKit App";
				WATCHOS_DEPLOYMENT_TARGET = 8.0;
			};
			name = Release;
		};
/* End XCBuildConfiguration section */

/* Begin XCConfigurationList section */
		9932C3F027CD983A001736F7 /* Build configuration list for PBXProject "HRVMonitor" */ = {
			isa = XCConfigurationList;
			buildConfigurations = (
				9932C42E27CD983D001736F7 /* Debug */,
				9932C42F27CD983D001736F7 /* Release */,
			);
			defaultConfigurationIsVisible = 0;
			defaultConfigurationName = Release;
		};
		9932C43027CD983D001736F7 /* Build configuration list for PBXNativeTarget "HRVMonitor WatchKit Extension" */ = {
			isa = XCConfigurationList;
			buildConfigurations = (
				9932C43127CD983D001736F7 /* Debug */,
				9932C43227CD983D001736F7 /* Release */,
			);
			defaultConfigurationIsVisible = 0;
			defaultConfigurationName = Release;
		};
		9932C43427CD983D001736F7 /* Build configuration list for PBXNativeTarget "HRVMonitor WatchKit App" */ = {
			isa = XCConfigurationList;
			buildConfigurations = (
				9932C43527CD983D001736F7 /* Debug */,
				9932C43627CD983D001736F7 /* Release */,
			);
			defaultConfigurationIsVisible = 0;
			defaultConfigurationName = Release;
		};
		9932C43827CD983D001736F7 /* Build configuration list for PBXNativeTarget "HRVMonitor" */ = {
			isa = XCConfigurationList;
			buildConfigurations = (
				9932C43927CD983D001736F7 /* Debug */,
				9932C43A27CD983D001736F7 /* Release */,
			);
			defaultConfigurationIsVisible = 0;
			defaultConfigurationName = Release;
		};
		9932C43B27CD983D001736F7 /* Build configuration list for PBXNativeTarget "HRVMonitorTests" */ = {
			isa = XCConfigurationList;
			buildConfigurations = (
				9932C43C27CD983D001736F7 /* Debug */,
				9932C43D27CD983D001736F7 /* Release */,
			);
			defaultConfigurationIsVisible = 0;
			defaultConfigurationName = Release;
		};
		9932C43E27CD983D001736F7 /* Build configuration list for PBXNativeTarget "HRVMonitorUITests" */ = {
			isa = XCConfigurationList;
			buildConfigurations = (
				9932C43F27CD983D001736F7 /* Debug */,
				9932C44027CD983D001736F7 /* Release */,
			);
			defaultConfigurationIsVisible = 0;
			defaultConfigurationName = Release;
		};
/* End XCConfigurationList section */

/* Begin XCRemoteSwiftPackageReference section */
		99CCDBCE27FBAA5A00600DD1 /* XCRemoteSwiftPackageReference "swiftui-charts" */ = {
			isa = XCRemoteSwiftPackageReference;
			repositoryURL = "https://github.com/spacenation/swiftui-charts";
			requirement = {
				kind = upToNextMajorVersion;
				minimumVersion = 1.0.0;
			};
		};
/* End XCRemoteSwiftPackageReference section */

/* Begin XCSwiftPackageProductDependency section */
		99CCDBCF27FBAA5A00600DD1 /* Charts */ = {
			isa = XCSwiftPackageProductDependency;
			package = 99CCDBCE27FBAA5A00600DD1 /* XCRemoteSwiftPackageReference "swiftui-charts" */;
			productName = Charts;
		};
		99CCDBD027FBAA6500600DD1 /* Charts */ = {
			isa = XCSwiftPackageProductDependency;
			package = 99CCDBCE27FBAA5A00600DD1 /* XCRemoteSwiftPackageReference "swiftui-charts" */;
			productName = Charts;
		};
/* End XCSwiftPackageProductDependency section */

/* Begin XCVersionGroup section */
		99AC909A2835BAD3009BEC95 /* AppModel.xcdatamodeld */ = {
			isa = XCVersionGroup;
			children = (
				99AC909B2835BAD3009BEC95 /* AppModel.xcdatamodel */,
				99AC909C2835BAD3009BEC95 /* DataModel.xcdatamodel */,
			);
			currentVersion = 99AC909B2835BAD3009BEC95 /* AppModel.xcdatamodel */;
			path = AppModel.xcdatamodeld;
			sourceTree = "<group>";
			versionGroupType = wrapper.xcdatamodel;
		};
/* End XCVersionGroup section */
	};
	rootObject = 9932C3ED27CD983A001736F7 /* Project object */;
}
